
Microsoft Visual Studio Solution File, Format Version 12.00
# Visual Studio Version 17
VisualStudioVersion = 17.8.34330.188
MinimumVisualStudioVersion = 10.0.40219.1
Project("{FAE04EC0-301F-11D3-BF4B-00C04F79EFBC}") = "BinarySearch", "BinarySearch.csproj", "{0FF98D1C-4355-4307-85ED-5CA47C42297C}"
EndProject
Global
	GlobalSection(SolutionConfigurationPlatforms) = preSolution
		Debug|Any CPU = Debug|Any CPU
		Release|Any CPU = Release|Any CPU
	EndGlobalSection
	GlobalSection(ProjectConfigurationPlatforms) = postSolution
		{0FF98D1C-4355-4307-85ED-5CA47C42297C}.Debug|Any CPU.ActiveCfg = Debug|Any CPU
		{0FF98D1C-4355-4307-85ED-5CA47C42297C}.Debug|Any CPU.Build.0 = Debug|Any CPU
		{0FF98D1C-4355-4307-85ED-5CA47C42297C}.Release|Any CPU.ActiveCfg = Release|Any CPU
		{0FF98D1C-4355-4307-85ED-5CA47C42297C}.Release|Any CPU.Build.0 = Release|Any CPU
	EndGlobalSection
	GlobalSection(SolutionProperties) = preSolution
		HideSolutionNode = FALSE
	EndGlobalSection
	GlobalSection(ExtensibilityGlobals) = postSolution
		SolutionGuid = {F24C982D-BE7E-4F0B-8097-BF2CE362EC54}
	EndGlobalSection
EndGlobal
