
Microsoft Visual Studio Solution File, Format Version 12.00
# Visual Studio Version 17
VisualStudioVersion = 17.8.34330.188
MinimumVisualStudioVersion = 10.0.40219.1
Project("{9A19103F-16F7-4668-BE54-9A1E7A4F7556}") = "Domain", "Domain\Domain.csproj", "{6B3D0789-70DB-491F-8290-E1725F09C790}"
EndProject
Project("{2150E333-8FDC-42A3-9474-1A3956D46DE8}") = "Domain", "Domain", "{3A561F71-46C3-4704-A6C0-AB185E571848}"
EndProject
Project("{9A19103F-16F7-4668-BE54-9A1E7A4F7556}") = "DomainTests", "DomainTests\DomainTests.csproj", "{CCBA8084-7376-4F54-9403-BFC96569C543}"
EndProject
Project("{2150E333-8FDC-42A3-9474-1A3956D46DE8}") = "Persistence", "Persistence", "{608799B6-1562-4E42-A567-ADC1A5C49861}"
EndProject
Project("{9A19103F-16F7-4668-BE54-9A1E7A4F7556}") = "Persistence", "Persistence\Persistence.csproj", "{CE834046-F9CF-49DE-89F1-9C1474C9C115}"
EndProject
Project("{FAE04EC0-301F-11D3-BF4B-00C04F79EFBC}") = "PersistenceTests", "PersistenceTests\PersistenceTests.csproj", "{0239365D-9041-4E91-8B22-2449F8243F43}"
EndProject
Global
	GlobalSection(SolutionConfigurationPlatforms) = preSolution
		Debug|Any CPU = Debug|Any CPU
		Release|Any CPU = Release|Any CPU
	EndGlobalSection
	GlobalSection(ProjectConfigurationPlatforms) = postSolution
		{6B3D0789-70DB-491F-8290-E1725F09C790}.Debug|Any CPU.ActiveCfg = Debug|Any CPU
		{6B3D0789-70DB-491F-8290-E1725F09C790}.Debug|Any CPU.Build.0 = Debug|Any CPU
		{6B3D0789-70DB-491F-8290-E1725F09C790}.Release|Any CPU.ActiveCfg = Release|Any CPU
		{6B3D0789-70DB-491F-8290-E1725F09C790}.Release|Any CPU.Build.0 = Release|Any CPU
		{CCBA8084-7376-4F54-9403-BFC96569C543}.Debug|Any CPU.ActiveCfg = Debug|Any CPU
		{CCBA8084-7376-4F54-9403-BFC96569C543}.Debug|Any CPU.Build.0 = Debug|Any CPU
		{CCBA8084-7376-4F54-9403-BFC96569C543}.Release|Any CPU.ActiveCfg = Release|Any CPU
		{CCBA8084-7376-4F54-9403-BFC96569C543}.Release|Any CPU.Build.0 = Release|Any CPU
		{CE834046-F9CF-49DE-89F1-9C1474C9C115}.Debug|Any CPU.ActiveCfg = Debug|Any CPU
		{CE834046-F9CF-49DE-89F1-9C1474C9C115}.Debug|Any CPU.Build.0 = Debug|Any CPU
		{CE834046-F9CF-49DE-89F1-9C1474C9C115}.Release|Any CPU.ActiveCfg = Release|Any CPU
		{CE834046-F9CF-49DE-89F1-9C1474C9C115}.Release|Any CPU.Build.0 = Release|Any CPU
		{0239365D-9041-4E91-8B22-2449F8243F43}.Debug|Any CPU.ActiveCfg = Debug|Any CPU
		{0239365D-9041-4E91-8B22-2449F8243F43}.Debug|Any CPU.Build.0 = Debug|Any CPU
		{0239365D-9041-4E91-8B22-2449F8243F43}.Release|Any CPU.ActiveCfg = Release|Any CPU
		{0239365D-9041-4E91-8B22-2449F8243F43}.Release|Any CPU.Build.0 = Release|Any CPU
	EndGlobalSection
	GlobalSection(SolutionProperties) = preSolution
		HideSolutionNode = FALSE
	EndGlobalSection
	GlobalSection(NestedProjects) = preSolution
		{6B3D0789-70DB-491F-8290-E1725F09C790} = {3A561F71-46C3-4704-A6C0-AB185E571848}
		{CCBA8084-7376-4F54-9403-BFC96569C543} = {3A561F71-46C3-4704-A6C0-AB185E571848}
		{CE834046-F9CF-49DE-89F1-9C1474C9C115} = {608799B6-1562-4E42-A567-ADC1A5C49861}
		{0239365D-9041-4E91-8B22-2449F8243F43} = {608799B6-1562-4E42-A567-ADC1A5C49861}
	EndGlobalSection
	GlobalSection(ExtensibilityGlobals) = postSolution
		SolutionGuid = {FC99CF01-4300-4534-A2D6-042563DA8A20}
	EndGlobalSection
EndGlobal
